# This file is automatically @generated by Poetry 2.1.1 and should not be changed by hand.

[[package]]
name = "astroid"
version = "3.3.9"
description = "An abstract syntax tree for Python with inference support."
optional = false
python-versions = ">=3.9.0"
groups = ["dev"]
files = [
    {file = "astroid-3.3.9-py3-none-any.whl", hash = "sha256:d05bfd0acba96a7bd43e222828b7d9bc1e138aaeb0649707908d3702a9831248"},
    {file = "astroid-3.3.9.tar.gz", hash = "sha256:622cc8e3048684aa42c820d9d218978021c3c3d174fb03a9f0d615921744f550"},
]

[package.dependencies]
typing-extensions = {version = ">=4.0.0", markers = "python_version < \"3.11\""}

[[package]]
name = "black"
version = "25.1.0"
description = "The uncompromising code formatter."
optional = false
python-versions = ">=3.9"
groups = ["dev"]
files = [
    {file = "black-25.1.0-cp310-cp310-macosx_10_9_x86_64.whl", hash = "sha256:759e7ec1e050a15f89b770cefbf91ebee8917aac5c20483bc2d80a6c3a04df32"},
    {file = "black-25.1.0-cp310-cp310-macosx_11_0_arm64.whl", hash = "sha256:0e519ecf93120f34243e6b0054db49c00a35f84f195d5bce7e9f5cfc578fc2da"},
    {file = "black-25.1.0-cp310-cp310-manylinux_2_17_x86_64.manylinux2014_x86_64.manylinux_2_28_x86_64.whl", hash = "sha256:055e59b198df7ac0b7efca5ad7ff2516bca343276c466be72eb04a3bcc1f82d7"},
    {file = "black-25.1.0-cp310-cp310-win_amd64.whl", hash = "sha256:db8ea9917d6f8fc62abd90d944920d95e73c83a5ee3383493e35d271aca872e9"},
    {file = "black-25.1.0-cp311-cp311-macosx_10_9_x86_64.whl", hash = "sha256:a39337598244de4bae26475f77dda852ea00a93bd4c728e09eacd827ec929df0"},
    {file = "black-25.1.0-cp311-cp311-macosx_11_0_arm64.whl", hash = "sha256:96c1c7cd856bba8e20094e36e0f948718dc688dba4a9d78c3adde52b9e6c2299"},
    {file = "black-25.1.0-cp311-cp311-manylinux_2_17_x86_64.manylinux2014_x86_64.manylinux_2_28_x86_64.whl", hash = "sha256:bce2e264d59c91e52d8000d507eb20a9aca4a778731a08cfff7e5ac4a4bb7096"},
    {file = "black-25.1.0-cp311-cp311-win_amd64.whl", hash = "sha256:172b1dbff09f86ce6f4eb8edf9dede08b1fce58ba194c87d7a4f1a5aa2f5b3c2"},
    {file = "black-25.1.0-cp312-cp312-macosx_10_13_x86_64.whl", hash = "sha256:4b60580e829091e6f9238c848ea6750efed72140b91b048770b64e74fe04908b"},
    {file = "black-25.1.0-cp312-cp312-macosx_11_0_arm64.whl", hash = "sha256:1e2978f6df243b155ef5fa7e558a43037c3079093ed5d10fd84c43900f2d8ecc"},
    {file = "black-25.1.0-cp312-cp312-manylinux_2_17_x86_64.manylinux2014_x86_64.manylinux_2_28_x86_64.whl", hash = "sha256:3b48735872ec535027d979e8dcb20bf4f70b5ac75a8ea99f127c106a7d7aba9f"},
    {file = "black-25.1.0-cp312-cp312-win_amd64.whl", hash = "sha256:ea0213189960bda9cf99be5b8c8ce66bb054af5e9e861249cd23471bd7b0b3ba"},
    {file = "black-25.1.0-cp313-cp313-macosx_10_13_x86_64.whl", hash = "sha256:8f0b18a02996a836cc9c9c78e5babec10930862827b1b724ddfe98ccf2f2fe4f"},
    {file = "black-25.1.0-cp313-cp313-macosx_11_0_arm64.whl", hash = "sha256:afebb7098bfbc70037a053b91ae8437c3857482d3a690fefc03e9ff7aa9a5fd3"},
    {file = "black-25.1.0-cp313-cp313-manylinux_2_17_x86_64.manylinux2014_x86_64.manylinux_2_28_x86_64.whl", hash = "sha256:030b9759066a4ee5e5aca28c3c77f9c64789cdd4de8ac1df642c40b708be6171"},
    {file = "black-25.1.0-cp313-cp313-win_amd64.whl", hash = "sha256:a22f402b410566e2d1c950708c77ebf5ebd5d0d88a6a2e87c86d9fb48afa0d18"},
    {file = "black-25.1.0-cp39-cp39-macosx_10_9_x86_64.whl", hash = "sha256:a1ee0a0c330f7b5130ce0caed9936a904793576ef4d2b98c40835d6a65afa6a0"},
    {file = "black-25.1.0-cp39-cp39-macosx_11_0_arm64.whl", hash = "sha256:f3df5f1bf91d36002b0a75389ca8663510cf0531cca8aa5c1ef695b46d98655f"},
    {file = "black-25.1.0-cp39-cp39-manylinux_2_17_x86_64.manylinux2014_x86_64.manylinux_2_28_x86_64.whl", hash = "sha256:d9e6827d563a2c820772b32ce8a42828dc6790f095f441beef18f96aa6f8294e"},
    {file = "black-25.1.0-cp39-cp39-win_amd64.whl", hash = "sha256:bacabb307dca5ebaf9c118d2d2f6903da0d62c9faa82bd21a33eecc319559355"},
    {file = "black-25.1.0-py3-none-any.whl", hash = "sha256:95e8176dae143ba9097f351d174fdaf0ccd29efb414b362ae3fd72bf0f710717"},
    {file = "black-25.1.0.tar.gz", hash = "sha256:33496d5cd1222ad73391352b4ae8da15253c5de89b93a80b3e2c8d9a19ec2666"},
]

[package.dependencies]
click = ">=8.0.0"
mypy-extensions = ">=0.4.3"
packaging = ">=22.0"
pathspec = ">=0.9.0"
platformdirs = ">=2"
tomli = {version = ">=1.1.0", markers = "python_version < \"3.11\""}
typing-extensions = {version = ">=4.0.1", markers = "python_version < \"3.11\""}

[package.extras]
colorama = ["colorama (>=0.4.3)"]
d = ["aiohttp (>=3.10)"]
jupyter = ["ipython (>=7.8.0)", "tokenize-rt (>=3.2.0)"]
uvloop = ["uvloop (>=0.15.2)"]

[[package]]
name = "click"
version = "8.1.8"
description = "Composable command line interface toolkit"
optional = false
python-versions = ">=3.7"
groups = ["dev"]
files = [
    {file = "click-8.1.8-py3-none-any.whl", hash = "sha256:63c132bbbed01578a06712a2d1f497bb62d9c1c0d329b7903a866228027263b2"},
    {file = "click-8.1.8.tar.gz", hash = "sha256:ed53c9d8990d83c2a27deae68e4ee337473f6330c040a31d4225c9574d16096a"},
]

[package.dependencies]
colorama = {version = "*", markers = "platform_system == \"Windows\""}

[[package]]
name = "colorama"
version = "0.4.6"
description = "Cross-platform colored terminal text."
optional = false
python-versions = "!=3.0.*,!=3.1.*,!=3.2.*,!=3.3.*,!=3.4.*,!=3.5.*,!=3.6.*,>=2.7"
groups = ["dev"]
markers = "platform_system == \"Windows\" or sys_platform == \"win32\""
files = [
    {file = "colorama-0.4.6-py2.py3-none-any.whl", hash = "sha256:4f1d9991f5acc0ca119f9d443620b77f9d6b33703e51011c16baf57afb285fc6"},
    {file = "colorama-0.4.6.tar.gz", hash = "sha256:08695f5cb7ed6e0531a20572697297273c47b8cae5a63ffc6d6ed5c201be6e44"},
]

[[package]]
name = "coverage"
version = "7.10.5"
description = "Code coverage measurement for Python"
optional = false
python-versions = ">=3.9"
groups = ["dev"]
files = [
    {file = "coverage-7.10.5-cp310-cp310-macosx_10_9_x86_64.whl", hash = "sha256:c6a5c3414bfc7451b879141ce772c546985163cf553f08e0f135f0699a911801"},
    {file = "coverage-7.10.5-cp310-cp310-macosx_11_0_arm64.whl", hash = "sha256:bc8e4d99ce82f1710cc3c125adc30fd1487d3cf6c2cd4994d78d68a47b16989a"},
    {file = "coverage-7.10.5-cp310-cp310-manylinux1_i686.manylinux_2_28_i686.manylinux_2_5_i686.whl", hash = "sha256:02252dc1216e512a9311f596b3169fad54abcb13827a8d76d5630c798a50a754"},
    {file = "coverage-7.10.5-cp310-cp310-manylinux1_x86_64.manylinux_2_28_x86_64.manylinux_2_5_x86_64.whl", hash = "sha256:73269df37883e02d460bee0cc16be90509faea1e3bd105d77360b512d5bb9c33"},
    {file = "coverage-7.10.5-cp310-cp310-manylinux2014_aarch64.manylinux_2_17_aarch64.manylinux_2_28_aarch64.whl", hash = "sha256:1f8a81b0614642f91c9effd53eec284f965577591f51f547a1cbeb32035b4c2f"},
    {file = "coverage-7.10.5-cp310-cp310-musllinux_1_2_aarch64.whl", hash = "sha256:6a29f8e0adb7f8c2b95fa2d4566a1d6e6722e0a637634c6563cb1ab844427dd9"},
    {file = "coverage-7.10.5-cp310-cp310-musllinux_1_2_i686.whl", hash = "sha256:fcf6ab569436b4a647d4e91accba12509ad9f2554bc93d3aee23cc596e7f99c3"},
    {file = "coverage-7.10.5-cp310-cp310-musllinux_1_2_x86_64.whl", hash = "sha256:90dc3d6fb222b194a5de60af8d190bedeeddcbc7add317e4a3cd333ee6b7c879"},
    {file = "coverage-7.10.5-cp310-cp310-win32.whl", hash = "sha256:414a568cd545f9dc75f0686a0049393de8098414b58ea071e03395505b73d7a8"},
    {file = "coverage-7.10.5-cp310-cp310-win_amd64.whl", hash = "sha256:e551f9d03347196271935fd3c0c165f0e8c049220280c1120de0084d65e9c7ff"},
    {file = "coverage-7.10.5-cp311-cp311-macosx_10_9_x86_64.whl", hash = "sha256:c177e6ffe2ebc7c410785307758ee21258aa8e8092b44d09a2da767834f075f2"},
    {file = "coverage-7.10.5-cp311-cp311-macosx_11_0_arm64.whl", hash = "sha256:14d6071c51ad0f703d6440827eaa46386169b5fdced42631d5a5ac419616046f"},
    {file = "coverage-7.10.5-cp311-cp311-manylinux1_i686.manylinux_2_28_i686.manylinux_2_5_i686.whl", hash = "sha256:61f78c7c3bc272a410c5ae3fde7792b4ffb4acc03d35a7df73ca8978826bb7ab"},
    {file = "coverage-7.10.5-cp311-cp311-manylinux1_x86_64.manylinux_2_28_x86_64.manylinux_2_5_x86_64.whl", hash = "sha256:f39071caa126f69d63f99b324fb08c7b1da2ec28cbb1fe7b5b1799926492f65c"},
    {file = "coverage-7.10.5-cp311-cp311-manylinux2014_aarch64.manylinux_2_17_aarch64.manylinux_2_28_aarch64.whl", hash = "sha256:343a023193f04d46edc46b2616cdbee68c94dd10208ecd3adc56fcc54ef2baa1"},
    {file = "coverage-7.10.5-cp311-cp311-musllinux_1_2_aarch64.whl", hash = "sha256:585ffe93ae5894d1ebdee69fc0b0d4b7c75d8007983692fb300ac98eed146f78"},
    {file = "coverage-7.10.5-cp311-cp311-musllinux_1_2_i686.whl", hash = "sha256:b0ef4e66f006ed181df29b59921bd8fc7ed7cd6a9289295cd8b2824b49b570df"},
    {file = "coverage-7.10.5-cp311-cp311-musllinux_1_2_x86_64.whl", hash = "sha256:eb7b0bbf7cc1d0453b843eca7b5fa017874735bef9bfdfa4121373d2cc885ed6"},
    {file = "coverage-7.10.5-cp311-cp311-win32.whl", hash = "sha256:1d043a8a06987cc0c98516e57c4d3fc2c1591364831e9deb59c9e1b4937e8caf"},
    {file = "coverage-7.10.5-cp311-cp311-win_amd64.whl", hash = "sha256:fefafcca09c3ac56372ef64a40f5fe17c5592fab906e0fdffd09543f3012ba50"},
    {file = "coverage-7.10.5-cp311-cp311-win_arm64.whl", hash = "sha256:7e78b767da8b5fc5b2faa69bb001edafcd6f3995b42a331c53ef9572c55ceb82"},
    {file = "coverage-7.10.5-cp312-cp312-macosx_10_13_x86_64.whl", hash = "sha256:c2d05c7e73c60a4cecc7d9b60dbfd603b4ebc0adafaef371445b47d0f805c8a9"},
    {file = "coverage-7.10.5-cp312-cp312-macosx_11_0_arm64.whl", hash = "sha256:32ddaa3b2c509778ed5373b177eb2bf5662405493baeff52278a0b4f9415188b"},
    {file = "coverage-7.10.5-cp312-cp312-manylinux1_i686.manylinux_2_28_i686.manylinux_2_5_i686.whl", hash = "sha256:dd382410039fe062097aa0292ab6335a3f1e7af7bba2ef8d27dcda484918f20c"},
    {file = "coverage-7.10.5-cp312-cp312-manylinux1_x86_64.manylinux_2_28_x86_64.manylinux_2_5_x86_64.whl", hash = "sha256:7fa22800f3908df31cea6fb230f20ac49e343515d968cc3a42b30d5c3ebf9b5a"},
    {file = "coverage-7.10.5-cp312-cp312-manylinux2014_aarch64.manylinux_2_17_aarch64.manylinux_2_28_aarch64.whl", hash = "sha256:f366a57ac81f5e12797136552f5b7502fa053c861a009b91b80ed51f2ce651c6"},
    {file = "coverage-7.10.5-cp312-cp312-musllinux_1_2_aarch64.whl", hash = "sha256:5f1dc8f1980a272ad4a6c84cba7981792344dad33bf5869361576b7aef42733a"},
    {file = "coverage-7.10.5-cp312-cp312-musllinux_1_2_i686.whl", hash = "sha256:2285c04ee8676f7938b02b4936d9b9b672064daab3187c20f73a55f3d70e6b4a"},
    {file = "coverage-7.10.5-cp312-cp312-musllinux_1_2_x86_64.whl", hash = "sha256:c2492e4dd9daab63f5f56286f8a04c51323d237631eb98505d87e4c4ff19ec34"},
    {file = "coverage-7.10.5-cp312-cp312-win32.whl", hash = "sha256:38a9109c4ee8135d5df5505384fc2f20287a47ccbe0b3f04c53c9a1989c2bbaf"},
    {file = "coverage-7.10.5-cp312-cp312-win_amd64.whl", hash = "sha256:6b87f1ad60b30bc3c43c66afa7db6b22a3109902e28c5094957626a0143a001f"},
    {file = "coverage-7.10.5-cp312-cp312-win_arm64.whl", hash = "sha256:672a6c1da5aea6c629819a0e1461e89d244f78d7b60c424ecf4f1f2556c041d8"},
    {file = "coverage-7.10.5-cp313-cp313-macosx_10_13_x86_64.whl", hash = "sha256:ef3b83594d933020f54cf65ea1f4405d1f4e41a009c46df629dd964fcb6e907c"},
    {file = "coverage-7.10.5-cp313-cp313-macosx_11_0_arm64.whl", hash = "sha256:2b96bfdf7c0ea9faebce088a3ecb2382819da4fbc05c7b80040dbc428df6af44"},
    {file = "coverage-7.10.5-cp313-cp313-manylinux1_i686.manylinux_2_28_i686.manylinux_2_5_i686.whl", hash = "sha256:63df1fdaffa42d914d5c4d293e838937638bf75c794cf20bee12978fc8c4e3bc"},
    {file = "coverage-7.10.5-cp313-cp313-manylinux1_x86_64.manylinux_2_28_x86_64.manylinux_2_5_x86_64.whl", hash = "sha256:8002dc6a049aac0e81ecec97abfb08c01ef0c1fbf962d0c98da3950ace89b869"},
    {file = "coverage-7.10.5-cp313-cp313-manylinux2014_aarch64.manylinux_2_17_aarch64.manylinux_2_28_aarch64.whl", hash = "sha256:63d4bb2966d6f5f705a6b0c6784c8969c468dbc4bcf9d9ded8bff1c7e092451f"},
    {file = "coverage-7.10.5-cp313-cp313-musllinux_1_2_aarch64.whl", hash = "sha256:1f672efc0731a6846b157389b6e6d5d5e9e59d1d1a23a5c66a99fd58339914d5"},
    {file = "coverage-7.10.5-cp313-cp313-musllinux_1_2_i686.whl", hash = "sha256:3f39cef43d08049e8afc1fde4a5da8510fc6be843f8dea350ee46e2a26b2f54c"},
    {file = "coverage-7.10.5-cp313-cp313-musllinux_1_2_x86_64.whl", hash = "sha256:2968647e3ed5a6c019a419264386b013979ff1fb67dd11f5c9886c43d6a31fc2"},
    {file = "coverage-7.10.5-cp313-cp313-win32.whl", hash = "sha256:0d511dda38595b2b6934c2b730a1fd57a3635c6aa2a04cb74714cdfdd53846f4"},
    {file = "coverage-7.10.5-cp313-cp313-win_amd64.whl", hash = "sha256:9a86281794a393513cf117177fd39c796b3f8e3759bb2764259a2abba5cce54b"},
    {file = "coverage-7.10.5-cp313-cp313-win_arm64.whl", hash = "sha256:cebd8e906eb98bb09c10d1feed16096700b1198d482267f8bf0474e63a7b8d84"},
    {file = "coverage-7.10.5-cp313-cp313t-macosx_10_13_x86_64.whl", hash = "sha256:0520dff502da5e09d0d20781df74d8189ab334a1e40d5bafe2efaa4158e2d9e7"},
    {file = "coverage-7.10.5-cp313-cp313t-macosx_11_0_arm64.whl", hash = "sha256:d9cd64aca68f503ed3f1f18c7c9174cbb797baba02ca8ab5112f9d1c0328cd4b"},
    {file = "coverage-7.10.5-cp313-cp313t-manylinux1_i686.manylinux_2_28_i686.manylinux_2_5_i686.whl", hash = "sha256:0913dd1613a33b13c4f84aa6e3f4198c1a21ee28ccb4f674985c1f22109f0aae"},
    {file = "coverage-7.10.5-cp313-cp313t-manylinux1_x86_64.manylinux_2_28_x86_64.manylinux_2_5_x86_64.whl", hash = "sha256:1b7181c0feeb06ed8a02da02792f42f829a7b29990fef52eff257fef0885d760"},
    {file = "coverage-7.10.5-cp313-cp313t-manylinux2014_aarch64.manylinux_2_17_aarch64.manylinux_2_28_aarch64.whl", hash = "sha256:36d42b7396b605f774d4372dd9c49bed71cbabce4ae1ccd074d155709dd8f235"},
    {file = "coverage-7.10.5-cp313-cp313t-musllinux_1_2_aarch64.whl", hash = "sha256:b4fdc777e05c4940b297bf47bf7eedd56a39a61dc23ba798e4b830d585486ca5"},
    {file = "coverage-7.10.5-cp313-cp313t-musllinux_1_2_i686.whl", hash = "sha256:42144e8e346de44a6f1dbd0a56575dd8ab8dfa7e9007da02ea5b1c30ab33a7db"},
    {file = "coverage-7.10.5-cp313-cp313t-musllinux_1_2_x86_64.whl", hash = "sha256:66c644cbd7aed8fe266d5917e2c9f65458a51cfe5eeff9c05f15b335f697066e"},
    {file = "coverage-7.10.5-cp313-cp313t-win32.whl", hash = "sha256:2d1b73023854068c44b0c554578a4e1ef1b050ed07cf8b431549e624a29a66ee"},
    {file = "coverage-7.10.5-cp313-cp313t-win_amd64.whl", hash = "sha256:54a1532c8a642d8cc0bd5a9a51f5a9dcc440294fd06e9dda55e743c5ec1a8f14"},
    {file = "coverage-7.10.5-cp313-cp313t-win_arm64.whl", hash = "sha256:74d5b63fe3f5f5d372253a4ef92492c11a4305f3550631beaa432fc9df16fcff"},
    {file = "coverage-7.10.5-cp314-cp314-macosx_10_13_x86_64.whl", hash = "sha256:68c5e0bc5f44f68053369fa0d94459c84548a77660a5f2561c5e5f1e3bed7031"},
    {file = "coverage-7.10.5-cp314-cp314-macosx_11_0_arm64.whl", hash = "sha256:cf33134ffae93865e32e1e37df043bef15a5e857d8caebc0099d225c579b0fa3"},
    {file = "coverage-7.10.5-cp314-cp314-manylinux1_i686.manylinux_2_28_i686.manylinux_2_5_i686.whl", hash = "sha256:ad8fa9d5193bafcf668231294241302b5e683a0518bf1e33a9a0dfb142ec3031"},
    {file = "coverage-7.10.5-cp314-cp314-manylinux1_x86_64.manylinux_2_28_x86_64.manylinux_2_5_x86_64.whl", hash = "sha256:146fa1531973d38ab4b689bc764592fe6c2f913e7e80a39e7eeafd11f0ef6db2"},
    {file = "coverage-7.10.5-cp314-cp314-manylinux2014_aarch64.manylinux_2_17_aarch64.manylinux_2_28_aarch64.whl", hash = "sha256:6013a37b8a4854c478d3219ee8bc2392dea51602dd0803a12d6f6182a0061762"},
    {file = "coverage-7.10.5-cp314-cp314-musllinux_1_2_aarch64.whl", hash = "sha256:eb90fe20db9c3d930fa2ad7a308207ab5b86bf6a76f54ab6a40be4012d88fcae"},
    {file = "coverage-7.10.5-cp314-cp314-musllinux_1_2_i686.whl", hash = "sha256:384b34482272e960c438703cafe63316dfbea124ac62006a455c8410bf2a2262"},
    {file = "coverage-7.10.5-cp314-cp314-musllinux_1_2_x86_64.whl", hash = "sha256:467dc74bd0a1a7de2bedf8deaf6811f43602cb532bd34d81ffd6038d6d8abe99"},
    {file = "coverage-7.10.5-cp314-cp314-win32.whl", hash = "sha256:556d23d4e6393ca898b2e63a5bca91e9ac2d5fb13299ec286cd69a09a7187fde"},
    {file = "coverage-7.10.5-cp314-cp314-win_amd64.whl", hash = "sha256:f4446a9547681533c8fa3e3c6cf62121eeee616e6a92bd9201c6edd91beffe13"},
    {file = "coverage-7.10.5-cp314-cp314-win_arm64.whl", hash = "sha256:5e78bd9cf65da4c303bf663de0d73bf69f81e878bf72a94e9af67137c69b9fe9"},
    {file = "coverage-7.10.5-cp314-cp314t-macosx_10_13_x86_64.whl", hash = "sha256:5661bf987d91ec756a47c7e5df4fbcb949f39e32f9334ccd3f43233bbb65e508"},
    {file = "coverage-7.10.5-cp314-cp314t-macosx_11_0_arm64.whl", hash = "sha256:a46473129244db42a720439a26984f8c6f834762fc4573616c1f37f13994b357"},
    {file = "coverage-7.10.5-cp314-cp314t-manylinux1_i686.manylinux_2_28_i686.manylinux_2_5_i686.whl", hash = "sha256:1f64b8d3415d60f24b058b58d859e9512624bdfa57a2d1f8aff93c1ec45c429b"},
    {file = "coverage-7.10.5-cp314-cp314t-manylinux1_x86_64.manylinux_2_28_x86_64.manylinux_2_5_x86_64.whl", hash = "sha256:44d43de99a9d90b20e0163f9770542357f58860a26e24dc1d924643bd6aa7cb4"},
    {file = "coverage-7.10.5-cp314-cp314t-manylinux2014_aarch64.manylinux_2_17_aarch64.manylinux_2_28_aarch64.whl", hash = "sha256:a931a87e5ddb6b6404e65443b742cb1c14959622777f2a4efd81fba84f5d91ba"},
    {file = "coverage-7.10.5-cp314-cp314t-musllinux_1_2_aarch64.whl", hash = "sha256:f9559b906a100029274448f4c8b8b0a127daa4dade5661dfd821b8c188058842"},
    {file = "coverage-7.10.5-cp314-cp314t-musllinux_1_2_i686.whl", hash = "sha256:b08801e25e3b4526ef9ced1aa29344131a8f5213c60c03c18fe4c6170ffa2874"},
    {file = "coverage-7.10.5-cp314-cp314t-musllinux_1_2_x86_64.whl", hash = "sha256:ed9749bb8eda35f8b636fb7632f1c62f735a236a5d4edadd8bbcc5ea0542e732"},
    {file = "coverage-7.10.5-cp314-cp314t-win32.whl", hash = "sha256:609b60d123fc2cc63ccee6d17e4676699075db72d14ac3c107cc4976d516f2df"},
    {file = "coverage-7.10.5-cp314-cp314t-win_amd64.whl", hash = "sha256:0666cf3d2c1626b5a3463fd5b05f5e21f99e6aec40a3192eee4d07a15970b07f"},
    {file = "coverage-7.10.5-cp314-cp314t-win_arm64.whl", hash = "sha256:bc85eb2d35e760120540afddd3044a5bf69118a91a296a8b3940dfc4fdcfe1e2"},
    {file = "coverage-7.10.5-cp39-cp39-macosx_10_9_x86_64.whl", hash = "sha256:62835c1b00c4a4ace24c1a88561a5a59b612fbb83a525d1c70ff5720c97c0610"},
    {file = "coverage-7.10.5-cp39-cp39-macosx_11_0_arm64.whl", hash = "sha256:5255b3bbcc1d32a4069d6403820ac8e6dbcc1d68cb28a60a1ebf17e47028e898"},
    {file = "coverage-7.10.5-cp39-cp39-manylinux1_i686.manylinux_2_28_i686.manylinux_2_5_i686.whl", hash = "sha256:3876385722e335d6e991c430302c24251ef9c2a9701b2b390f5473199b1b8ebf"},
    {file = "coverage-7.10.5-cp39-cp39-manylinux1_x86_64.manylinux_2_28_x86_64.manylinux_2_5_x86_64.whl", hash = "sha256:8048ce4b149c93447a55d279078c8ae98b08a6951a3c4d2d7e87f4efc7bfe100"},
    {file = "coverage-7.10.5-cp39-cp39-manylinux2014_aarch64.manylinux_2_17_aarch64.manylinux_2_28_aarch64.whl", hash = "sha256:4028e7558e268dd8bcf4d9484aad393cafa654c24b4885f6f9474bf53183a82a"},
    {file = "coverage-7.10.5-cp39-cp39-musllinux_1_2_aarch64.whl", hash = "sha256:03f47dc870eec0367fcdd603ca6a01517d2504e83dc18dbfafae37faec66129a"},
    {file = "coverage-7.10.5-cp39-cp39-musllinux_1_2_i686.whl", hash = "sha256:2d488d7d42b6ded7ea0704884f89dcabd2619505457de8fc9a6011c62106f6e5"},
    {file = "coverage-7.10.5-cp39-cp39-musllinux_1_2_x86_64.whl", hash = "sha256:b3dcf2ead47fa8be14224ee817dfc1df98043af568fe120a22f81c0eb3c34ad2"},
    {file = "coverage-7.10.5-cp39-cp39-win32.whl", hash = "sha256:02650a11324b80057b8c9c29487020073d5e98a498f1857f37e3f9b6ea1b2426"},
    {file = "coverage-7.10.5-cp39-cp39-win_amd64.whl", hash = "sha256:b45264dd450a10f9e03237b41a9a24e85cbb1e278e5a32adb1a303f58f0017f3"},
    {file = "coverage-7.10.5-py3-none-any.whl", hash = "sha256:0be24d35e4db1d23d0db5c0f6a74a962e2ec83c426b5cac09f4234aadef38e4a"},
    {file = "coverage-7.10.5.tar.gz", hash = "sha256:f2e57716a78bc3ae80b2207be0709a3b2b63b9f2dcf9740ee6ac03588a2015b6"},
]

[package.dependencies]
tomli = {version = "*", optional = true, markers = "python_full_version <= \"3.11.0a6\" and extra == \"toml\""}

[package.extras]
toml = ["tomli ; python_full_version <= \"3.11.0a6\""]

[[package]]
name = "dill"
version = "0.4.0"
description = "serialize all of Python"
optional = false
python-versions = ">=3.8"
groups = ["dev"]
files = [
    {file = "dill-0.4.0-py3-none-any.whl", hash = "sha256:44f54bf6412c2c8464c14e8243eb163690a9800dbe2c367330883b19c7561049"},
    {file = "dill-0.4.0.tar.gz", hash = "sha256:0633f1d2df477324f53a895b02c901fb961bdbf65a17122586ea7019292cbcf0"},
]

[package.extras]
graph = ["objgraph (>=1.7.2)"]
profile = ["gprof2dot (>=2022.7.29)"]

[[package]]
name = "exceptiongroup"
version = "1.2.2"
description = "Backport of PEP 654 (exception groups)"
optional = false
python-versions = ">=3.7"
groups = ["dev"]
markers = "python_version < \"3.11\""
files = [
    {file = "exceptiongroup-1.2.2-py3-none-any.whl", hash = "sha256:3111b9d131c238bec2f8f516e123e14ba243563fb135d3fe885990585aa7795b"},
    {file = "exceptiongroup-1.2.2.tar.gz", hash = "sha256:47c2edf7c6738fafb49fd34290706d1a1a2f4d1c6df275526b62cbb4aa5393cc"},
]

[package.extras]
test = ["pytest (>=6)"]

[[package]]
name = "flake8"
version = "7.3.0"
description = "the modular source code checker: pep8 pyflakes and co"
optional = false
python-versions = ">=3.9"
groups = ["dev"]
files = [
    {file = "flake8-7.3.0-py2.py3-none-any.whl", hash = "sha256:b9696257b9ce8beb888cdbe31cf885c90d31928fe202be0889a7cdafad32f01e"},
    {file = "flake8-7.3.0.tar.gz", hash = "sha256:fe044858146b9fc69b551a4b490d69cf960fcb78ad1edcb84e7fbb1b4a8e3872"},
]

[package.dependencies]
mccabe = ">=0.7.0,<0.8.0"
pycodestyle = ">=2.14.0,<2.15.0"
pyflakes = ">=3.4.0,<3.5.0"

[[package]]
name = "iniconfig"
version = "2.1.0"
description = "brain-dead simple config-ini parsing"
optional = false
python-versions = ">=3.8"
groups = ["dev"]
files = [
    {file = "iniconfig-2.1.0-py3-none-any.whl", hash = "sha256:9deba5723312380e77435581c6bf4935c94cbfab9b1ed33ef8d238ea168eb760"},
    {file = "iniconfig-2.1.0.tar.gz", hash = "sha256:3abbd2e30b36733fee78f9c7f7308f2d0050e88f0087fd25c2645f63c773e1c7"},
]

[[package]]
name = "isort"
version = "6.0.1"
description = "A Python utility / library to sort Python imports."
optional = false
python-versions = ">=3.9.0"
groups = ["dev"]
files = [
    {file = "isort-6.0.1-py3-none-any.whl", hash = "sha256:2dc5d7f65c9678d94c88dfc29161a320eec67328bc97aad576874cb4be1e9615"},
    {file = "isort-6.0.1.tar.gz", hash = "sha256:1cb5df28dfbc742e490c5e41bad6da41b805b0a8be7bc93cd0fb2a8a890ac450"},
]

[package.extras]
colors = ["colorama"]
plugins = ["setuptools"]

[[package]]
name = "mccabe"
version = "0.7.0"
description = "McCabe checker, plugin for flake8"
optional = false
python-versions = ">=3.6"
groups = ["dev"]
files = [
    {file = "mccabe-0.7.0-py2.py3-none-any.whl", hash = "sha256:6c2d30ab6be0e4a46919781807b4f0d834ebdd6c6e3dca0bda5a15f863427b6e"},
    {file = "mccabe-0.7.0.tar.gz", hash = "sha256:348e0240c33b60bbdf4e523192ef919f28cb2c3d7d5c7794f74009290f236325"},
]

[[package]]
name = "mypy-extensions"
version = "1.1.0"
description = "Type system extensions for programs checked with the mypy type checker."
optional = false
python-versions = ">=3.8"
groups = ["dev"]
files = [
    {file = "mypy_extensions-1.1.0-py3-none-any.whl", hash = "sha256:1be4cccdb0f2482337c4743e60421de3a356cd97508abadd57d47403e94f5505"},
    {file = "mypy_extensions-1.1.0.tar.gz", hash = "sha256:52e68efc3284861e772bbcd66823fde5ae21fd2fdb51c62a211403730b916558"},
]

[[package]]
name = "packaging"
version = "25.0"
description = "Core utilities for Python packages"
optional = false
python-versions = ">=3.8"
groups = ["dev"]
files = [
    {file = "packaging-25.0-py3-none-any.whl", hash = "sha256:29572ef2b1f17581046b3a2227d5c611fb25ec70ca1ba8554b24b0e69331a484"},
    {file = "packaging-25.0.tar.gz", hash = "sha256:d443872c98d677bf60f6a1f2f8c1cb748e8fe762d2bf9d3148b5599295b0fc4f"},
]

[[package]]
name = "pathspec"
version = "0.12.1"
description = "Utility library for gitignore style pattern matching of file paths."
optional = false
python-versions = ">=3.8"
groups = ["dev"]
files = [
    {file = "pathspec-0.12.1-py3-none-any.whl", hash = "sha256:a0d503e138a4c123b27490a4f7beda6a01c6f288df0e4a8b79c7eb0dc7b4cc08"},
    {file = "pathspec-0.12.1.tar.gz", hash = "sha256:a482d51503a1ab33b1c67a6c3813a26953dbdc71c31dacaef9a838c4e29f5712"},
]

[[package]]
name = "platformdirs"
version = "4.3.7"
description = "A small Python package for determining appropriate platform-specific dirs, e.g. a `user data dir`."
optional = false
python-versions = ">=3.9"
groups = ["dev"]
files = [
    {file = "platformdirs-4.3.7-py3-none-any.whl", hash = "sha256:a03875334331946f13c549dbd8f4bac7a13a50a895a0eb1e8c6a8ace80d40a94"},
    {file = "platformdirs-4.3.7.tar.gz", hash = "sha256:eb437d586b6a0986388f0d6f74aa0cde27b48d0e3d66843640bfb6bdcdb6e351"},
]

[package.extras]
docs = ["furo (>=2024.8.6)", "proselint (>=0.14)", "sphinx (>=8.1.3)", "sphinx-autodoc-typehints (>=3)"]
test = ["appdirs (==1.4.4)", "covdefaults (>=2.3)", "pytest (>=8.3.4)", "pytest-cov (>=6)", "pytest-mock (>=3.14)"]
type = ["mypy (>=1.14.1)"]

[[package]]
name = "pluggy"
version = "1.5.0"
description = "plugin and hook calling mechanisms for python"
optional = false
python-versions = ">=3.8"
groups = ["dev"]
files = [
    {file = "pluggy-1.5.0-py3-none-any.whl", hash = "sha256:44e1ad92c8ca002de6377e165f3e0f1be63266ab4d554740532335b9d75ea669"},
    {file = "pluggy-1.5.0.tar.gz", hash = "sha256:2cffa88e94fdc978c4c574f15f9e59b7f4201d439195c3715ca9e2486f1d0cf1"},
]

[package.extras]
dev = ["pre-commit", "tox"]
testing = ["pytest", "pytest-benchmark"]

[[package]]
name = "pycodestyle"
version = "2.14.0"
description = "Python style guide checker"
optional = false
python-versions = ">=3.9"
groups = ["dev"]
files = [
    {file = "pycodestyle-2.14.0-py2.py3-none-any.whl", hash = "sha256:dd6bf7cb4ee77f8e016f9c8e74a35ddd9f67e1d5fd4184d86c3b98e07099f42d"},
    {file = "pycodestyle-2.14.0.tar.gz", hash = "sha256:c4b5b517d278089ff9d0abdec919cd97262a3367449ea1c8b49b91529167b783"},
]

[[package]]
name = "pyflakes"
version = "3.4.0"
description = "passive checker of Python programs"
optional = false
python-versions = ">=3.9"
groups = ["dev"]
files = [
    {file = "pyflakes-3.4.0-py2.py3-none-any.whl", hash = "sha256:f742a7dbd0d9cb9ea41e9a24a918996e8170c799fa528688d40dd582c8265f4f"},
    {file = "pyflakes-3.4.0.tar.gz", hash = "sha256:b24f96fafb7d2ab0ec5075b7350b3d2d2218eab42003821c06344973d3ea2f58"},
]

[[package]]
name = "pygments"
version = "2.19.1"
description = "Pygments is a syntax highlighting package written in Python."
optional = false
python-versions = ">=3.8"
groups = ["dev"]
files = [
    {file = "pygments-2.19.1-py3-none-any.whl", hash = "sha256:9ea1544ad55cecf4b8242fab6dd35a93bbce657034b0611ee383099054ab6d8c"},
    {file = "pygments-2.19.1.tar.gz", hash = "sha256:61c16d2a8576dc0649d9f39e089b5f02bcd27fba10d8fb4dcc28173f7a45151f"},
]

[package.extras]
windows-terminal = ["colorama (>=0.4.6)"]

[[package]]
name = "pylint"
version = "3.3.8"
description = "python code static checker"
optional = false
python-versions = ">=3.9.0"
groups = ["dev"]
files = [
    {file = "pylint-3.3.8-py3-none-any.whl", hash = "sha256:7ef94aa692a600e82fabdd17102b73fc226758218c97473c7ad67bd4cb905d83"},
    {file = "pylint-3.3.8.tar.gz", hash = "sha256:26698de19941363037e2937d3db9ed94fb3303fdadf7d98847875345a8bb6b05"},
]

[package.dependencies]
astroid = ">=3.3.8,<=3.4.0.dev0"
colorama = {version = ">=0.4.5", markers = "sys_platform == \"win32\""}
dill = [
    {version = ">=0.2", markers = "python_version < \"3.11\""},
    {version = ">=0.3.7", markers = "python_version >= \"3.12\""},
    {version = ">=0.3.6", markers = "python_version == \"3.11\""},
]
isort = ">=4.2.5,<5.13 || >5.13,<7"
mccabe = ">=0.6,<0.8"
platformdirs = ">=2.2"
tomli = {version = ">=1.1", markers = "python_version < \"3.11\""}
tomlkit = ">=0.10.1"
typing-extensions = {version = ">=3.10", markers = "python_version < \"3.10\""}

[package.extras]
spelling = ["pyenchant (>=3.2,<4.0)"]
testutils = ["gitpython (>3)"]

[[package]]
name = "pytest"
version = "8.4.1"
description = "pytest: simple powerful testing with Python"
optional = false
python-versions = ">=3.9"
groups = ["dev"]
files = [
    {file = "pytest-8.4.1-py3-none-any.whl", hash = "sha256:539c70ba6fcead8e78eebbf1115e8b589e7565830d7d006a8723f19ac8a0afb7"},
    {file = "pytest-8.4.1.tar.gz", hash = "sha256:7c67fd69174877359ed9371ec3af8a3d2b04741818c51e5e99cc1742251fa93c"},
]

[package.dependencies]
colorama = {version = ">=0.4", markers = "sys_platform == \"win32\""}
exceptiongroup = {version = ">=1", markers = "python_version < \"3.11\""}
iniconfig = ">=1"
packaging = ">=20"
pluggy = ">=1.5,<2"
pygments = ">=2.7.2"
tomli = {version = ">=1", markers = "python_version < \"3.11\""}

[package.extras]
dev = ["argcomplete", "attrs (>=19.2)", "hypothesis (>=3.56)", "mock", "requests", "setuptools", "xmlschema"]

[[package]]
name = "pytest-cov"
version = "6.2.1"
description = "Pytest plugin for measuring coverage."
optional = false
python-versions = ">=3.9"
groups = ["dev"]
files = [
    {file = "pytest_cov-6.2.1-py3-none-any.whl", hash = "sha256:f5bc4c23f42f1cdd23c70b1dab1bbaef4fc505ba950d53e0081d0730dd7e86d5"},
    {file = "pytest_cov-6.2.1.tar.gz", hash = "sha256:25cc6cc0a5358204b8108ecedc51a9b57b34cc6b8c967cc2c01a4e00d8a67da2"},
]

[package.dependencies]
coverage = {version = ">=7.5", extras = ["toml"]}
pluggy = ">=1.2"
pytest = ">=6.2.5"

[package.extras]
testing = ["fields", "hunter", "process-tests", "pytest-xdist", "virtualenv"]

[[package]]
name = "sqlparse"
version = "0.5.3"
description = "A non-validating SQL parser."
optional = false
python-versions = ">=3.8"
groups = ["main"]
files = [
    {file = "sqlparse-0.5.3-py3-none-any.whl", hash = "sha256:cf2196ed3418f3ba5de6af7e82c694a9fbdbfecccdfc72e281548517081f16ca"},
    {file = "sqlparse-0.5.3.tar.gz", hash = "sha256:09f67787f56a0b16ecdbde1bfc7f5d9c3371ca683cfeaa8e6ff60b4807ec9272"},
]

[package.extras]
dev = ["build", "hatch"]
doc = ["sphinx"]

[[package]]
name = "tomli"
version = "2.2.1"
description = "A lil' TOML parser"
optional = false
python-versions = ">=3.8"
groups = ["dev"]
markers = "python_version < \"3.11\""
files = [
    {file = "tomli-2.2.1-cp311-cp311-macosx_10_9_x86_64.whl", hash = "sha256:678e4fa69e4575eb77d103de3df8a895e1591b48e740211bd1067378c69e8249"},
    {file = "tomli-2.2.1-cp311-cp311-macosx_11_0_arm64.whl", hash = "sha256:023aa114dd824ade0100497eb2318602af309e5a55595f76b626d6d9f3b7b0a6"},
    {file = "tomli-2.2.1-cp311-cp311-manylinux_2_17_aarch64.manylinux2014_aarch64.whl", hash = "sha256:ece47d672db52ac607a3d9599a9d48dcb2f2f735c6c2d1f34130085bb12b112a"},
    {file = "tomli-2.2.1-cp311-cp311-manylinux_2_17_x86_64.manylinux2014_x86_64.whl", hash = "sha256:6972ca9c9cc9f0acaa56a8ca1ff51e7af152a9f87fb64623e31d5c83700080ee"},
    {file = "tomli-2.2.1-cp311-cp311-manylinux_2_5_i686.manylinux1_i686.manylinux_2_17_i686.manylinux2014_i686.whl", hash = "sha256:c954d2250168d28797dd4e3ac5cf812a406cd5a92674ee4c8f123c889786aa8e"},
    {file = "tomli-2.2.1-cp311-cp311-musllinux_1_2_aarch64.whl", hash = "sha256:8dd28b3e155b80f4d54beb40a441d366adcfe740969820caf156c019fb5c7ec4"},
    {file = "tomli-2.2.1-cp311-cp311-musllinux_1_2_i686.whl", hash = "sha256:e59e304978767a54663af13c07b3d1af22ddee3bb2fb0618ca1593e4f593a106"},
    {file = "tomli-2.2.1-cp311-cp311-musllinux_1_2_x86_64.whl", hash = "sha256:33580bccab0338d00994d7f16f4c4ec25b776af3ffaac1ed74e0b3fc95e885a8"},
    {file = "tomli-2.2.1-cp311-cp311-win32.whl", hash = "sha256:465af0e0875402f1d226519c9904f37254b3045fc5084697cefb9bdde1ff99ff"},
    {file = "tomli-2.2.1-cp311-cp311-win_amd64.whl", hash = "sha256:2d0f2fdd22b02c6d81637a3c95f8cd77f995846af7414c5c4b8d0545afa1bc4b"},
    {file = "tomli-2.2.1-cp312-cp312-macosx_10_13_x86_64.whl", hash = "sha256:4a8f6e44de52d5e6c657c9fe83b562f5f4256d8ebbfe4ff922c495620a7f6cea"},
    {file = "tomli-2.2.1-cp312-cp312-macosx_11_0_arm64.whl", hash = "sha256:8d57ca8095a641b8237d5b079147646153d22552f1c637fd3ba7f4b0b29167a8"},
    {file = "tomli-2.2.1-cp312-cp312-manylinux_2_17_aarch64.manylinux2014_aarch64.whl", hash = "sha256:4e340144ad7ae1533cb897d406382b4b6fede8890a03738ff1683af800d54192"},
    {file = "tomli-2.2.1-cp312-cp312-manylinux_2_17_x86_64.manylinux2014_x86_64.whl", hash = "sha256:db2b95f9de79181805df90bedc5a5ab4c165e6ec3fe99f970d0e302f384ad222"},
    {file = "tomli-2.2.1-cp312-cp312-manylinux_2_5_i686.manylinux1_i686.manylinux_2_17_i686.manylinux2014_i686.whl", hash = "sha256:40741994320b232529c802f8bc86da4e1aa9f413db394617b9a256ae0f9a7f77"},
    {file = "tomli-2.2.1-cp312-cp312-musllinux_1_2_aarch64.whl", hash = "sha256:400e720fe168c0f8521520190686ef8ef033fb19fc493da09779e592861b78c6"},
    {file = "tomli-2.2.1-cp312-cp312-musllinux_1_2_i686.whl", hash = "sha256:02abe224de6ae62c19f090f68da4e27b10af2b93213d36cf44e6e1c5abd19fdd"},
    {file = "tomli-2.2.1-cp312-cp312-musllinux_1_2_x86_64.whl", hash = "sha256:b82ebccc8c8a36f2094e969560a1b836758481f3dc360ce9a3277c65f374285e"},
    {file = "tomli-2.2.1-cp312-cp312-win32.whl", hash = "sha256:889f80ef92701b9dbb224e49ec87c645ce5df3fa2cc548664eb8a25e03127a98"},
    {file = "tomli-2.2.1-cp312-cp312-win_amd64.whl", hash = "sha256:7fc04e92e1d624a4a63c76474610238576942d6b8950a2d7f908a340494e67e4"},
    {file = "tomli-2.2.1-cp313-cp313-macosx_10_13_x86_64.whl", hash = "sha256:f4039b9cbc3048b2416cc57ab3bda989a6fcf9b36cf8937f01a6e731b64f80d7"},
    {file = "tomli-2.2.1-cp313-cp313-macosx_11_0_arm64.whl", hash = "sha256:286f0ca2ffeeb5b9bd4fcc8d6c330534323ec51b2f52da063b11c502da16f30c"},
    {file = "tomli-2.2.1-cp313-cp313-manylinux_2_17_aarch64.manylinux2014_aarch64.whl", hash = "sha256:a92ef1a44547e894e2a17d24e7557a5e85a9e1d0048b0b5e7541f76c5032cb13"},
    {file = "tomli-2.2.1-cp313-cp313-manylinux_2_17_x86_64.manylinux2014_x86_64.whl", hash = "sha256:9316dc65bed1684c9a98ee68759ceaed29d229e985297003e494aa825ebb0281"},
    {file = "tomli-2.2.1-cp313-cp313-manylinux_2_5_i686.manylinux1_i686.manylinux_2_17_i686.manylinux2014_i686.whl", hash = "sha256:e85e99945e688e32d5a35c1ff38ed0b3f41f43fad8df0bdf79f72b2ba7bc5272"},
    {file = "tomli-2.2.1-cp313-cp313-musllinux_1_2_aarch64.whl", hash = "sha256:ac065718db92ca818f8d6141b5f66369833d4a80a9d74435a268c52bdfa73140"},
    {file = "tomli-2.2.1-cp313-cp313-musllinux_1_2_i686.whl", hash = "sha256:d920f33822747519673ee656a4b6ac33e382eca9d331c87770faa3eef562aeb2"},
    {file = "tomli-2.2.1-cp313-cp313-musllinux_1_2_x86_64.whl", hash = "sha256:a198f10c4d1b1375d7687bc25294306e551bf1abfa4eace6650070a5c1ae2744"},
    {file = "tomli-2.2.1-cp313-cp313-win32.whl", hash = "sha256:d3f5614314d758649ab2ab3a62d4f2004c825922f9e370b29416484086b264ec"},
    {file = "tomli-2.2.1-cp313-cp313-win_amd64.whl", hash = "sha256:a38aa0308e754b0e3c67e344754dff64999ff9b513e691d0e786265c93583c69"},
    {file = "tomli-2.2.1-py3-none-any.whl", hash = "sha256:cb55c73c5f4408779d0cf3eef9f762b9c9f147a77de7b258bef0a5628adc85cc"},
    {file = "tomli-2.2.1.tar.gz", hash = "sha256:cd45e1dc79c835ce60f7404ec8119f2eb06d38b1deba146f07ced3bbc44505ff"},
]

[[package]]
name = "tomlkit"
version = "0.13.2"
description = "Style preserving TOML library"
optional = false
python-versions = ">=3.8"
groups = ["dev"]
files = [
    {file = "tomlkit-0.13.2-py3-none-any.whl", hash = "sha256:7a974427f6e119197f670fbbbeae7bef749a6c14e793db934baefc1b5f03efde"},
    {file = "tomlkit-0.13.2.tar.gz", hash = "sha256:fff5fe59a87295b278abd31bec92c15d9bc4a06885ab12bcea52c71119392e79"},
]

[[package]]
name = "typing-extensions"
version = "4.13.2"
description = "Backported and Experimental Type Hints for Python 3.8+"
optional = false
python-versions = ">=3.8"
groups = ["dev"]
markers = "python_version < \"3.11\""
files = [
    {file = "typing_extensions-4.13.2-py3-none-any.whl", hash = "sha256:a439e7c04b49fec3e5d3e2beaa21755cadbbdc391694e28ccdd36ca4a1408f8c"},
    {file = "typing_extensions-4.13.2.tar.gz", hash = "sha256:e6c81219bd689f51865d9e372991c540bda33a0379d5573cddb9a3a23f7caaef"},
]

[metadata]
lock-version = "2.1"
python-versions = "^3.9"
content-hash = "08e5cc0ea912c4bfba8742f1b8b2ea9571f278542f7fdd21d827c0cb1406f085"
